// !$*UTF8*$!
{
	archiveVersion = 1;
	classes = {
	};
	objectVersion = 46;
	objects = {

/* Begin PBXBuildFile section */
		70AA08E41845F92000CBC991 /* Foundation.framework in Frameworks */ = {isa = PBXBuildFile; fileRef = 70AA08E31845F92000CBC991 /* Foundation.framework */; };
		70AA08E61845F92000CBC991 /* CoreGraphics.framework in Frameworks */ = {isa = PBXBuildFile; fileRef = 70AA08E51845F92000CBC991 /* CoreGraphics.framework */; };
		70AA08E81845F92000CBC991 /* UIKit.framework in Frameworks */ = {isa = PBXBuildFile; fileRef = 70AA08E71845F92000CBC991 /* UIKit.framework */; };
		70AA08EE1845F92000CBC991 /* InfoPlist.strings in Resources */ = {isa = PBXBuildFile; fileRef = 70AA08EC1845F92000CBC991 /* InfoPlist.strings */; };
		70AA08F01845F92000CBC991 /* main.m in Sources */ = {isa = PBXBuildFile; fileRef = 70AA08EF1845F92000CBC991 /* main.m */; };
		70AA08F41845F92000CBC991 /* AppDelegate.m in Sources */ = {isa = PBXBuildFile; fileRef = 70AA08F31845F92000CBC991 /* AppDelegate.m */; };
		70AA08F71845F92000CBC991 /* Main_iPhone.storyboard in Resources */ = {isa = PBXBuildFile; fileRef = 70AA08F51845F92000CBC991 /* Main_iPhone.storyboard */; };
		70AA08FA1845F92000CBC991 /* Main_iPad.storyboard in Resources */ = {isa = PBXBuildFile; fileRef = 70AA08F81845F92000CBC991 /* Main_iPad.storyboard */; };
		70AA09021845F92000CBC991 /* Images.xcassets in Resources */ = {isa = PBXBuildFile; fileRef = 70AA09011845F92000CBC991 /* Images.xcassets */; };
		70AA09091845F92000CBC991 /* XCTest.framework in Frameworks */ = {isa = PBXBuildFile; fileRef = 70AA09081845F92000CBC991 /* XCTest.framework */; };
		70AA090A1845F92000CBC991 /* Foundation.framework in Frameworks */ = {isa = PBXBuildFile; fileRef = 70AA08E31845F92000CBC991 /* Foundation.framework */; };
		70AA090B1845F92000CBC991 /* UIKit.framework in Frameworks */ = {isa = PBXBuildFile; fileRef = 70AA08E71845F92000CBC991 /* UIKit.framework */; };
		70AA09131845F92000CBC991 /* InfoPlist.strings in Resources */ = {isa = PBXBuildFile; fileRef = 70AA09111845F92000CBC991 /* InfoPlist.strings */; };
		70AA09151845F92000CBC991 /* NewsTests.m in Sources */ = {isa = PBXBuildFile; fileRef = 70AA09141845F92000CBC991 /* NewsTests.m */; };
		70AA093C1847348B00CBC991 /* ArticleCell.m in Sources */ = {isa = PBXBuildFile; fileRef = 70AA09351847348B00CBC991 /* ArticleCell.m */; };
		70AA093D1847348B00CBC991 /* ArticlesTableController_iPad.m in Sources */ = {isa = PBXBuildFile; fileRef = 70AA09371847348B00CBC991 /* ArticlesTableController_iPad.m */; };
		70AA093E1847348B00CBC991 /* ArticlesTypePopoverViewController_iPad.m in Sources */ = {isa = PBXBuildFile; fileRef = 70AA09391847348B00CBC991 /* ArticlesTypePopoverViewController_iPad.m */; };
		70AA093F1847348B00CBC991 /* ArticleViewController_iPad.m in Sources */ = {isa = PBXBuildFile; fileRef = 70AA093B1847348B00CBC991 /* ArticleViewController_iPad.m */; };
		70AA09441847349500CBC991 /* Article.m in Sources */ = {isa = PBXBuildFile; fileRef = 70AA09411847349500CBC991 /* Article.m */; };
		70AA09451847349500CBC991 /* News.json in Resources */ = {isa = PBXBuildFile; fileRef = 70AA09421847349500CBC991 /* News.json */; };
		70AA09461847349500CBC991 /* Template.html in Resources */ = {isa = PBXBuildFile; fileRef = 70AA09431847349500CBC991 /* Template.html */; };
		70AA094B184734A600CBC991 /* FirstViewController.m in Sources */ = {isa = PBXBuildFile; fileRef = 70AA0948184734A600CBC991 /* FirstViewController.m */; };
		70AA094C184734A600CBC991 /* SecondViewController.m in Sources */ = {isa = PBXBuildFile; fileRef = 70AA094A184734A600CBC991 /* SecondViewController.m */; };
/* End PBXBuildFile section */

/* Begin PBXContainerItemProxy section */
		70AA090C1845F92000CBC991 /* PBXContainerItemProxy */ = {
			isa = PBXContainerItemProxy;
			containerPortal = 70AA08D81845F92000CBC991 /* Project object */;
			proxyType = 1;
			remoteGlobalIDString = 70AA08DF1845F92000CBC991;
			remoteInfo = News;
		};
/* End PBXContainerItemProxy section */

/* Begin PBXFileReference section */
		70AA08E01845F92000CBC991 /* News.app */ = {isa = PBXFileReference; explicitFileType = wrapper.application; includeInIndex = 0; path = News.app; sourceTree = BUILT_PRODUCTS_DIR; };
		70AA08E31845F92000CBC991 /* Foundation.framework */ = {isa = PBXFileReference; lastKnownFileType = wrapper.framework; name = Foundation.framework; path = System/Library/Frameworks/Foundation.framework; sourceTree = SDKROOT; };
		70AA08E51845F92000CBC991 /* CoreGraphics.framework */ = {isa = PBXFileReference; lastKnownFileType = wrapper.framework; name = CoreGraphics.framework; path = System/Library/Frameworks/CoreGraphics.framework; sourceTree = SDKROOT; };
		70AA08E71845F92000CBC991 /* UIKit.framework */ = {isa = PBXFileReference; lastKnownFileType = wrapper.framework; name = UIKit.framework; path = System/Library/Frameworks/UIKit.framework; sourceTree = SDKROOT; };
		70AA08EB1845F92000CBC991 /* News-Info.plist */ = {isa = PBXFileReference; lastKnownFileType = text.plist.xml; path = "News-Info.plist"; sourceTree = "<group>"; };
		70AA08ED1845F92000CBC991 /* en */ = {isa = PBXFileReference; lastKnownFileType = text.plist.strings; name = en; path = en.lproj/InfoPlist.strings; sourceTree = "<group>"; };
		70AA08EF1845F92000CBC991 /* main.m */ = {isa = PBXFileReference; lastKnownFileType = sourcecode.c.objc; path = main.m; sourceTree = "<group>"; };
		70AA08F11845F92000CBC991 /* News-Prefix.pch */ = {isa = PBXFileReference; lastKnownFileType = sourcecode.c.h; path = "News-Prefix.pch"; sourceTree = "<group>"; };
		70AA08F21845F92000CBC991 /* AppDelegate.h */ = {isa = PBXFileReference; lastKnownFileType = sourcecode.c.h; path = AppDelegate.h; sourceTree = "<group>"; };
		70AA08F31845F92000CBC991 /* AppDelegate.m */ = {isa = PBXFileReference; lastKnownFileType = sourcecode.c.objc; path = AppDelegate.m; sourceTree = "<group>"; };
		70AA08F61845F92000CBC991 /* Base */ = {isa = PBXFileReference; lastKnownFileType = file.storyboard; name = Base; path = Base.lproj/Main_iPhone.storyboard; sourceTree = "<group>"; };
		70AA08F91845F92000CBC991 /* Base */ = {isa = PBXFileReference; lastKnownFileType = file.storyboard; name = Base; path = Base.lproj/Main_iPad.storyboard; sourceTree = "<group>"; };
		70AA09011845F92000CBC991 /* Images.xcassets */ = {isa = PBXFileReference; lastKnownFileType = folder.assetcatalog; path = Images.xcassets; sourceTree = "<group>"; };
		70AA09071845F92000CBC991 /* NewsTests.xctest */ = {isa = PBXFileReference; explicitFileType = wrapper.cfbundle; includeInIndex = 0; path = NewsTests.xctest; sourceTree = BUILT_PRODUCTS_DIR; };
		70AA09081845F92000CBC991 /* XCTest.framework */ = {isa = PBXFileReference; lastKnownFileType = wrapper.framework; name = XCTest.framework; path = Library/Frameworks/XCTest.framework; sourceTree = DEVELOPER_DIR; };
		70AA09101845F92000CBC991 /* NewsTests-Info.plist */ = {isa = PBXFileReference; lastKnownFileType = text.plist.xml; path = "NewsTests-Info.plist"; sourceTree = "<group>"; };
		70AA09121845F92000CBC991 /* en */ = {isa = PBXFileReference; lastKnownFileType = text.plist.strings; name = en; path = en.lproj/InfoPlist.strings; sourceTree = "<group>"; };
		70AA09141845F92000CBC991 /* NewsTests.m */ = {isa = PBXFileReference; lastKnownFileType = sourcecode.c.objc; path = NewsTests.m; sourceTree = "<group>"; };
		70AA09341847348B00CBC991 /* ArticleCell.h */ = {isa = PBXFileReference; fileEncoding = 4; lastKnownFileType = sourcecode.c.h; name = ArticleCell.h; path = iPad/ArticleCell.h; sourceTree = "<group>"; };
		70AA09351847348B00CBC991 /* ArticleCell.m */ = {isa = PBXFileReference; fileEncoding = 4; lastKnownFileType = sourcecode.c.objc; name = ArticleCell.m; path = iPad/ArticleCell.m; sourceTree = "<group>"; };
		70AA09361847348B00CBC991 /* ArticlesTableController_iPad.h */ = {isa = PBXFileReference; fileEncoding = 4; lastKnownFileType = sourcecode.c.h; name = ArticlesTableController_iPad.h; path = iPad/ArticlesTableController_iPad.h; sourceTree = "<group>"; };
		70AA09371847348B00CBC991 /* ArticlesTableController_iPad.m */ = {isa = PBXFileReference; fileEncoding = 4; lastKnownFileType = sourcecode.c.objc; name = ArticlesTableController_iPad.m; path = iPad/ArticlesTableController_iPad.m; sourceTree = "<group>"; };
		70AA09381847348B00CBC991 /* ArticlesTypePopoverViewController_iPad.h */ = {isa = PBXFileReference; fileEncoding = 4; lastKnownFileType = sourcecode.c.h; name = ArticlesTypePopoverViewController_iPad.h; path = iPad/ArticlesTypePopoverViewController_iPad.h; sourceTree = "<group>"; };
		70AA09391847348B00CBC991 /* ArticlesTypePopoverViewController_iPad.m */ = {isa = PBXFileReference; fileEncoding = 4; lastKnownFileType = sourcecode.c.objc; name = ArticlesTypePopoverViewController_iPad.m; path = iPad/ArticlesTypePopoverViewController_iPad.m; sourceTree = "<group>"; };
		70AA093A1847348B00CBC991 /* ArticleViewController_iPad.h */ = {isa = PBXFileReference; fileEncoding = 4; lastKnownFileType = sourcecode.c.h; name = ArticleViewController_iPad.h; path = iPad/ArticleViewController_iPad.h; sourceTree = "<group>"; };
		70AA093B1847348B00CBC991 /* ArticleViewController_iPad.m */ = {isa = PBXFileReference; fileEncoding = 4; lastKnownFileType = sourcecode.c.objc; name = ArticleViewController_iPad.m; path = iPad/ArticleViewController_iPad.m; sourceTree = "<group>"; };
		70AA09401847349500CBC991 /* Article.h */ = {isa = PBXFileReference; fileEncoding = 4; lastKnownFileType = sourcecode.c.h; name = Article.h; path = Model/Article.h; sourceTree = "<group>"; };
		70AA09411847349500CBC991 /* Article.m */ = {isa = PBXFileReference; fileEncoding = 4; lastKnownFileType = sourcecode.c.objc; name = Article.m; path = Model/Article.m; sourceTree = "<group>"; };
		70AA09421847349500CBC991 /* News.json */ = {isa = PBXFileReference; fileEncoding = 4; lastKnownFileType = text.json; name = News.json; path = Model/News.json; sourceTree = "<group>"; };
		70AA09431847349500CBC991 /* Template.html */ = {isa = PBXFileReference; fileEncoding = 4; lastKnownFileType = text.html; name = Template.html; path = Model/Template.html; sourceTree = "<group>"; };
		70AA0947184734A600CBC991 /* FirstViewController.h */ = {isa = PBXFileReference; fileEncoding = 4; lastKnownFileType = sourcecode.c.h; name = FirstViewController.h; path = iPhone/FirstViewController.h; sourceTree = "<group>"; };
		70AA0948184734A600CBC991 /* FirstViewController.m */ = {isa = PBXFileReference; fileEncoding = 4; lastKnownFileType = sourcecode.c.objc; name = FirstViewController.m; path = iPhone/FirstViewController.m; sourceTree = "<group>"; };
		70AA0949184734A600CBC991 /* SecondViewController.h */ = {isa = PBXFileReference; fileEncoding = 4; lastKnownFileType = sourcecode.c.h; name = SecondViewController.h; path = iPhone/SecondViewController.h; sourceTree = "<group>"; };
		70AA094A184734A600CBC991 /* SecondViewController.m */ = {isa = PBXFileReference; fileEncoding = 4; lastKnownFileType = sourcecode.c.objc; name = SecondViewController.m; path = iPhone/SecondViewController.m; sourceTree = "<group>"; };
/* End PBXFileReference section */

/* Begin PBXFrameworksBuildPhase section */
		70AA08DD1845F92000CBC991 /* Frameworks */ = {
			isa = PBXFrameworksBuildPhase;
			buildActionMask = 2147483647;
			files = (
				70AA08E61845F92000CBC991 /* CoreGraphics.framework in Frameworks */,
				70AA08E81845F92000CBC991 /* UIKit.framework in Frameworks */,
				70AA08E41845F92000CBC991 /* Foundation.framework in Frameworks */,
			);
			runOnlyForDeploymentPostprocessing = 0;
		};
		70AA09041845F92000CBC991 /* Frameworks */ = {
			isa = PBXFrameworksBuildPhase;
			buildActionMask = 2147483647;
			files = (
				70AA09091845F92000CBC991 /* XCTest.framework in Frameworks */,
				70AA090B1845F92000CBC991 /* UIKit.framework in Frameworks */,
				70AA090A1845F92000CBC991 /* Foundation.framework in Frameworks */,
			);
			runOnlyForDeploymentPostprocessing = 0;
		};
/* End PBXFrameworksBuildPhase section */

/* Begin PBXGroup section */
		70AA08D71845F92000CBC991 = {
			isa = PBXGroup;
			children = (
				70AA08E91845F92000CBC991 /* News */,
				70AA090E1845F92000CBC991 /* NewsTests */,
				70AA08E21845F92000CBC991 /* Frameworks */,
				70AA08E11845F92000CBC991 /* Products */,
			);
			sourceTree = "<group>";
		};
		70AA08E11845F92000CBC991 /* Products */ = {
			isa = PBXGroup;
			children = (
				70AA08E01845F92000CBC991 /* News.app */,
				70AA09071845F92000CBC991 /* NewsTests.xctest */,
			);
			name = Products;
			sourceTree = "<group>";
		};
		70AA08E21845F92000CBC991 /* Frameworks */ = {
			isa = PBXGroup;
			children = (
				70AA08E31845F92000CBC991 /* Foundation.framework */,
				70AA08E51845F92000CBC991 /* CoreGraphics.framework */,
				70AA08E71845F92000CBC991 /* UIKit.framework */,
				70AA09081845F92000CBC991 /* XCTest.framework */,
			);
			name = Frameworks;
			sourceTree = "<group>";
		};
		70AA08E91845F92000CBC991 /* News */ = {
			isa = PBXGroup;
			children = (
				70AA09201845FD3600CBC991 /* Model */,
				70AA091F1845F9F900CBC991 /* iPad */,
				70AA091E1845F9F400CBC991 /* iPhone */,
				70AA08F21845F92000CBC991 /* AppDelegate.h */,
				70AA08F31845F92000CBC991 /* AppDelegate.m */,
				70AA09011845F92000CBC991 /* Images.xcassets */,
				70AA08EA1845F92000CBC991 /* Supporting Files */,
			);
			path = News;
			sourceTree = "<group>";
		};
		70AA08EA1845F92000CBC991 /* Supporting Files */ = {
			isa = PBXGroup;
			children = (
				70AA08EB1845F92000CBC991 /* News-Info.plist */,
				70AA08EC1845F92000CBC991 /* InfoPlist.strings */,
				70AA08EF1845F92000CBC991 /* main.m */,
				70AA08F11845F92000CBC991 /* News-Prefix.pch */,
			);
			name = "Supporting Files";
			sourceTree = "<group>";
		};
		70AA090E1845F92000CBC991 /* NewsTests */ = {
			isa = PBXGroup;
			children = (
				70AA09141845F92000CBC991 /* NewsTests.m */,
				70AA090F1845F92000CBC991 /* Supporting Files */,
			);
			path = NewsTests;
			sourceTree = "<group>";
		};
		70AA090F1845F92000CBC991 /* Supporting Files */ = {
			isa = PBXGroup;
			children = (
				70AA09101845F92000CBC991 /* NewsTests-Info.plist */,
				70AA09111845F92000CBC991 /* InfoPlist.strings */,
			);
			name = "Supporting Files";
			sourceTree = "<group>";
		};
		70AA091E1845F9F400CBC991 /* iPhone */ = {
			isa = PBXGroup;
			children = (
				70AA08F51845F92000CBC991 /* Main_iPhone.storyboard */,
				70AA0947184734A600CBC991 /* FirstViewController.h */,
				70AA0948184734A600CBC991 /* FirstViewController.m */,
				70AA0949184734A600CBC991 /* SecondViewController.h */,
				70AA094A184734A600CBC991 /* SecondViewController.m */,
			);
			name = iPhone;
			sourceTree = "<group>";
		};
		70AA091F1845F9F900CBC991 /* iPad */ = {
			isa = PBXGroup;
			children = (
				70AA08F81845F92000CBC991 /* Main_iPad.storyboard */,
				70AA09341847348B00CBC991 /* ArticleCell.h */,
				70AA09351847348B00CBC991 /* ArticleCell.m */,
				70AA09361847348B00CBC991 /* ArticlesTableController_iPad.h */,
				70AA09371847348B00CBC991 /* ArticlesTableController_iPad.m */,
				70AA09381847348B00CBC991 /* ArticlesTypePopoverViewController_iPad.h */,
				70AA09391847348B00CBC991 /* ArticlesTypePopoverViewController_iPad.m */,
				70AA093A1847348B00CBC991 /* ArticleViewController_iPad.h */,
				70AA093B1847348B00CBC991 /* ArticleViewController_iPad.m */,
			);
			name = iPad;
			sourceTree = "<group>";
		};
		70AA09201845FD3600CBC991 /* Model */ = {
			isa = PBXGroup;
			children = (
				70AA09401847349500CBC991 /* Article.h */,
				70AA09411847349500CBC991 /* Article.m */,
				70AA09421847349500CBC991 /* News.json */,
				70AA09431847349500CBC991 /* Template.html */,
			);
			name = Model;
			sourceTree = "<group>";
		};
/* End PBXGroup section */

/* Begin PBXNativeTarget section */
		70AA08DF1845F92000CBC991 /* News */ = {
			isa = PBXNativeTarget;
			buildConfigurationList = 70AA09181845F92000CBC991 /* Build configuration list for PBXNativeTarget "News" */;
			buildPhases = (
				70AA08DC1845F92000CBC991 /* Sources */,
				70AA08DD1845F92000CBC991 /* Frameworks */,
				70AA08DE1845F92000CBC991 /* Resources */,
			);
			buildRules = (
			);
			dependencies = (
			);
			name = News;
			productName = News;
			productReference = 70AA08E01845F92000CBC991 /* News.app */;
			productType = "com.apple.product-type.application";
		};
		70AA09061845F92000CBC991 /* NewsTests */ = {
			isa = PBXNativeTarget;
			buildConfigurationList = 70AA091B1845F92000CBC991 /* Build configuration list for PBXNativeTarget "NewsTests" */;
			buildPhases = (
				70AA09031845F92000CBC991 /* Sources */,
				70AA09041845F92000CBC991 /* Frameworks */,
				70AA09051845F92000CBC991 /* Resources */,
			);
			buildRules = (
			);
			dependencies = (
				70AA090D1845F92000CBC991 /* PBXTargetDependency */,
			);
			name = NewsTests;
			productName = NewsTests;
			productReference = 70AA09071845F92000CBC991 /* NewsTests.xctest */;
			productType = "com.apple.product-type.bundle.unit-test";
		};
/* End PBXNativeTarget section */

/* Begin PBXProject section */
		70AA08D81845F92000CBC991 /* Project object */ = {
			isa = PBXProject;
			attributes = {
				LastUpgradeCheck = 0500;
				ORGANIZATIONNAME = Nestline;
				TargetAttributes = {
					70AA09061845F92000CBC991 = {
						TestTargetID = 70AA08DF1845F92000CBC991;
					};
				};
			};
			buildConfigurationList = 70AA08DB1845F92000CBC991 /* Build configuration list for PBXProject "News" */;
			compatibilityVersion = "Xcode 3.2";
			developmentRegion = English;
			hasScannedForEncodings = 0;
			knownRegions = (
				en,
				Base,
			);
			mainGroup = 70AA08D71845F92000CBC991;
			productRefGroup = 70AA08E11845F92000CBC991 /* Products */;
			projectDirPath = "";
			projectRoot = "";
			targets = (
				70AA08DF1845F92000CBC991 /* News */,
				70AA09061845F92000CBC991 /* NewsTests */,
			);
		};
/* End PBXProject section */

/* Begin PBXResourcesBuildPhase section */
		70AA08DE1845F92000CBC991 /* Resources */ = {
			isa = PBXResourcesBuildPhase;
			buildActionMask = 2147483647;
			files = (
				70AA09461847349500CBC991 /* Template.html in Resources */,
				70AA08FA1845F92000CBC991 /* Main_iPad.storyboard in Resources */,
				70AA09021845F92000CBC991 /* Images.xcassets in Resources */,
				70AA08F71845F92000CBC991 /* Main_iPhone.storyboard in Resources */,
				70AA09451847349500CBC991 /* News.json in Resources */,
				70AA08EE1845F92000CBC991 /* InfoPlist.strings in Resources */,
			);
			runOnlyForDeploymentPostprocessing = 0;
		};
		70AA09051845F92000CBC991 /* Resources */ = {
			isa = PBXResourcesBuildPhase;
			buildActionMask = 2147483647;
			files = (
				70AA09131845F92000CBC991 /* InfoPlist.strings in Resources */,
			);
			runOnlyForDeploymentPostprocessing = 0;
		};
/* End PBXResourcesBuildPhase section */

/* Begin PBXSourcesBuildPhase section */
		70AA08DC1845F92000CBC991 /* Sources */ = {
			isa = PBXSourcesBuildPhase;
			buildActionMask = 2147483647;
			files = (
				70AA094C184734A600CBC991 /* SecondViewController.m in Sources */,
				70AA093F1847348B00CBC991 /* ArticleViewController_iPad.m in Sources */,
				70AA09441847349500CBC991 /* Article.m in Sources */,
				70AA08F41845F92000CBC991 /* AppDelegate.m in Sources */,
				70AA093C1847348B00CBC991 /* ArticleCell.m in Sources */,
				70AA093E1847348B00CBC991 /* ArticlesTypePopoverViewController_iPad.m in Sources */,
				70AA093D1847348B00CBC991 /* ArticlesTableController_iPad.m in Sources */,
				70AA08F01845F92000CBC991 /* main.m in Sources */,
				70AA094B184734A600CBC991 /* FirstViewController.m in Sources */,
			);
			runOnlyForDeploymentPostprocessing = 0;
		};
		70AA09031845F92000CBC991 /* Sources */ = {
			isa = PBXSourcesBuildPhase;
			buildActionMask = 2147483647;
			files = (
				70AA09151845F92000CBC991 /* NewsTests.m in Sources */,
			);
			runOnlyForDeploymentPostprocessing = 0;
		};
/* End PBXSourcesBuildPhase section */

/* Begin PBXTargetDependency section */
		70AA090D1845F92000CBC991 /* PBXTargetDependency */ = {
			isa = PBXTargetDependency;
			target = 70AA08DF1845F92000CBC991 /* News */;
			targetProxy = 70AA090C1845F92000CBC991 /* PBXContainerItemProxy */;
		};
/* End PBXTargetDependency section */

/* Begin PBXVariantGroup section */
		70AA08EC1845F92000CBC991 /* InfoPlist.strings */ = {
			isa = PBXVariantGroup;
			children = (
				70AA08ED1845F92000CBC991 /* en */,
			);
			name = InfoPlist.strings;
			sourceTree = "<group>";
		};
		70AA08F51845F92000CBC991 /* Main_iPhone.storyboard */ = {
			isa = PBXVariantGroup;
			children = (
				70AA08F61845F92000CBC991 /* Base */,
			);
			name = Main_iPhone.storyboard;
			sourceTree = "<group>";
		};
		70AA08F81845F92000CBC991 /* Main_iPad.storyboard */ = {
			isa = PBXVariantGroup;
			children = (
				70AA08F91845F92000CBC991 /* Base */,
			);
			name = Main_iPad.storyboard;
			sourceTree = "<group>";
		};
		70AA09111845F92000CBC991 /* InfoPlist.strings */ = {
			isa = PBXVariantGroup;
			children = (
				70AA09121845F92000CBC991 /* en */,
			);
			name = InfoPlist.strings;
			sourceTree = "<group>";
		};
/* End PBXVariantGroup section */

/* Begin XCBuildConfiguration section */
		70AA09161845F92000CBC991 /* Debug */ = {
			isa = XCBuildConfiguration;
			buildSettings = {
				ALWAYS_SEARCH_USER_PATHS = NO;
				ARCHS = "$(ARCHS_STANDARD_INCLUDING_64_BIT)";
				CLANG_CXX_LANGUAGE_STANDARD = "gnu++0x";
				CLANG_CXX_LIBRARY = "libc++";
				CLANG_ENABLE_MODULES = YES;
				CLANG_ENABLE_OBJC_ARC = YES;
				CLANG_WARN_BOOL_CONVERSION = YES;
				CLANG_WARN_CONSTANT_CONVERSION = YES;
				CLANG_WARN_DIRECT_OBJC_ISA_USAGE = YES_ERROR;
				CLANG_WARN_EMPTY_BODY = YES;
				CLANG_WARN_ENUM_CONVERSION = YES;
				CLANG_WARN_INT_CONVERSION = YES;
				CLANG_WARN_OBJC_ROOT_CLASS = YES_ERROR;
				CLANG_WARN__DUPLICATE_METHOD_MATCH = YES;
				"CODE_SIGN_IDENTITY[sdk=iphoneos*]" = "iPhone Developer";
				COPY_PHASE_STRIP = NO;
				GCC_C_LANGUAGE_STANDARD = gnu99;
				GCC_DYNAMIC_NO_PIC = NO;
				GCC_OPTIMIZATION_LEVEL = 0;
				GCC_PREPROCESSOR_DEFINITIONS = (
					"DEBUG=1",
					"$(inherited)",
				);
				GCC_SYMBOLS_PRIVATE_EXTERN = NO;
				GCC_WARN_64_TO_32_BIT_CONVERSION = YES;
				GCC_WARN_ABOUT_RETURN_TYPE = YES_ERROR;
				GCC_WARN_UNDECLARED_SELECTOR = YES;
				GCC_WARN_UNINITIALIZED_AUTOS = YES;
				GCC_WARN_UNUSED_FUNCTION = YES;
				GCC_WARN_UNUSED_VARIABLE = YES;
				IPHONEOS_DEPLOYMENT_TARGET = 7.0;
				ONLY_ACTIVE_ARCH = YES;
				SDKROOT = iphoneos;
				TARGETED_DEVICE_FAMILY = "1,2";
			};
			name = Debug;
		};
		70AA09171845F92000CBC991 /* Release */ = {
			isa = XCBuildConfiguration;
			buildSettings = {
				ALWAYS_SEARCH_USER_PATHS = NO;
				ARCHS = "$(ARCHS_STANDARD_INCLUDING_64_BIT)";
				CLANG_CXX_LANGUAGE_STANDARD = "gnu++0x";
				CLANG_CXX_LIBRARY = "libc++";
				CLANG_ENABLE_MODULES = YES;
				CLANG_ENABLE_OBJC_ARC = YES;
				CLANG_WARN_BOOL_CONVERSION = YES;
				CLANG_WARN_CONSTANT_CONVERSION = YES;
				CLANG_WARN_DIRECT_OBJC_ISA_USAGE = YES_ERROR;
				CLANG_WARN_EMPTY_BODY = YES;
				CLANG_WARN_ENUM_CONVERSION = YES;
				CLANG_WARN_INT_CONVERSION = YES;
				CLANG_WARN_OBJC_ROOT_CLASS = YES_ERROR;
				CLANG_WARN__DUPLICATE_METHOD_MATCH = YES;
				"CODE_SIGN_IDENTITY[sdk=iphoneos*]" = "iPhone Developer";
				COPY_PHASE_STRIP = YES;
				ENABLE_NS_ASSERTIONS = NO;
				GCC_C_LANGUAGE_STANDARD = gnu99;
				GCC_WARN_64_TO_32_BIT_CONVERSION = YES;
				GCC_WARN_ABOUT_RETURN_TYPE = YES_ERROR;
				GCC_WARN_UNDECLARED_SELECTOR = YES;
				GCC_WARN_UNINITIALIZED_AUTOS = YES;
				GCC_WARN_UNUSED_FUNCTION = YES;
				GCC_WARN_UNUSED_VARIABLE = YES;
				IPHONEOS_DEPLOYMENT_TARGET = 7.0;
				SDKROOT = iphoneos;
				TARGETED_DEVICE_FAMILY = "1,2";
				VALIDATE_PRODUCT = YES;
			};
			name = Release;
		};
		70AA09191845F92000CBC991 /* Debug */ = {
			isa = XCBuildConfiguration;
			buildSettings = {
				ASSETCATALOG_COMPILER_APPICON_NAME = AppIcon;
				ASSETCATALOG_COMPILER_LAUNCHIMAGE_NAME = LaunchImage;
				GCC_PRECOMPILE_PREFIX_HEADER = YES;
				GCC_PREFIX_HEADER = "News/News-Prefix.pch";
				INFOPLIST_FILE = "News/News-Info.plist";
				PRODUCT_NAME = "$(TARGET_NAME)";
				WRAPPER_EXTENSION = app;
			};
			name = Debug;
		};
		70AA091A1845F92000CBC991 /* Release */ = {
			isa = XCBuildConfiguration;
			buildSettings = {
				ASSETCATALOG_COMPILER_APPICON_NAME = AppIcon;
				ASSETCATALOG_COMPILER_LAUNCHIMAGE_NAME = LaunchImage;
				GCC_PRECOMPILE_PREFIX_HEADER = YES;
				GCC_PREFIX_HEADER = "News/News-Prefix.pch";
				INFOPLIST_FILE = "News/News-Info.plist";
				PRODUCT_NAME = "$(TARGET_NAME)";
				WRAPPER_EXTENSION = app;
			};
			name = Release;
		};
		70AA091C1845F92000CBC991 /* Debug */ = {
			isa = XCBuildConfiguration;
			buildSettings = {
				ARCHS = "$(ARCHS_STANDARD_INCLUDING_64_BIT)";
				BUNDLE_LOADER = "$(BUILT_PRODUCTS_DIR)/News.app/News";
				FRAMEWORK_SEARCH_PATHS = (
					"$(SDKROOT)/Developer/Library/Frameworks",
					"$(inherited)",
					"$(DEVELOPER_FRAMEWORKS_DIR)",
				);
				GCC_PRECOMPILE_PREFIX_HEADER = YES;
				GCC_PREFIX_HEADER = "News/News-Prefix.pch";
				GCC_PREPROCESSOR_DEFINITIONS = (
					"DEBUG=1",
					"$(inherited)",
				);
				INFOPLIST_FILE = "NewsTests/NewsTests-Info.plist";
				PRODUCT_NAME = "$(TARGET_NAME)";
				TEST_HOST = "$(BUNDLE_LOADER)";
				WRAPPER_EXTENSION = xctest;
			};
			name = Debug;
		};
		70AA091D1845F92000CBC991 /* Release */ = {
			isa = XCBuildConfiguration;
			buildSettings = {
				ARCHS = "$(ARCHS_STANDARD_INCLUDING_64_BIT)";
				BUNDLE_LOADER = "$(BUILT_PRODUCTS_DIR)/News.app/News";
				FRAMEWORK_SEARCH_PATHS = (
					"$(SDKROOT)/Developer/Library/Frameworks",
					"$(inherited)",
					"$(DEVELOPER_FRAMEWORKS_DIR)",
				);
				GCC_PRECOMPILE_PREFIX_HEADER = YES;
				GCC_PREFIX_HEADER = "News/News-Prefix.pch";
				INFOPLIST_FILE = "NewsTests/NewsTests-Info.plist";
				PRODUCT_NAME = "$(TARGET_NAME)";
				TEST_HOST = "$(BUNDLE_LOADER)";
				WRAPPER_EXTENSION = xctest;
			};
			name = Release;
		};
/* End XCBuildConfiguration section */

/* Begin XCConfigurationList section */
		70AA08DB1845F92000CBC991 /* Build configuration list for PBXProject "News" */ = {
			isa = XCConfigurationList;
			buildConfigurations = (
				70AA09161845F92000CBC991 /* Debug */,
				70AA09171845F92000CBC991 /* Release */,
			);
			defaultConfigurationIsVisible = 0;
			defaultConfigurationName = Release;
		};
		70AA09181845F92000CBC991 /* Build configuration list for PBXNativeTarget "News" */ = {
			isa = XCConfigurationList;
			buildConfigurations = (
				70AA09191845F92000CBC991 /* Debug */,
				70AA091A1845F92000CBC991 /* Release */,
			);
			defaultConfigurationIsVisible = 0;
		};
		70AA091B1845F92000CBC991 /* Build configuration list for PBXNativeTarget "NewsTests" */ = {
			isa = XCConfigurationList;
			buildConfigurations = (
				70AA091C1845F92000CBC991 /* Debug */,
				70AA091D1845F92000CBC991 /* Release */,
			);
			defaultConfigurationIsVisible = 0;
		};
/* End XCConfigurationList section */
	};
	rootObject = 70AA08D81845F92000CBC991 /* Project object */;
}
